
Microsoft Visual Studio Solution File, Format Version 12.00
# Visual Studio Version 17
VisualStudioVersion = 17.8.34316.72
MinimumVisualStudioVersion = 10.0.40219.1
Project("{FAE04EC0-301F-11D3-BF4B-00C04F79EFBC}") = "MiRe", "MiRe\MiRe.csproj", "{7457A094-0F69-4FF5-9AC7-8E0D6B68FF14}"
EndProject
Global
	GlobalSection(SolutionConfigurationPlatforms) = preSolution
		Debug|Any CPU = Debug|Any CPU
		Release|Any CPU = Release|Any CPU
	EndGlobalSection
	GlobalSection(ProjectConfigurationPlatforms) = postSolution
		{7457A094-0F69-4FF5-9AC7-8E0D6B68FF14}.Debug|Any CPU.ActiveCfg = Debug|Any CPU
		{7457A094-0F69-4FF5-9AC7-8E0D6B68FF14}.Debug|Any CPU.Build.0 = Debug|Any CPU
		{7457A094-0F69-4FF5-9AC7-8E0D6B68FF14}.Release|Any CPU.ActiveCfg = Release|Any CPU
		{7457A094-0F69-4FF5-9AC7-8E0D6B68FF14}.Release|Any CPU.Build.0 = Release|Any CPU
	EndGlobalSection
	GlobalSection(SolutionProperties) = preSolution
		HideSolutionNode = FALSE
	EndGlobalSection
	GlobalSection(ExtensibilityGlobals) = postSolution
		SolutionGuid = {021D4EBD-F10F-4E37-9215-BBCC804E9AA7}
	EndGlobalSection
EndGlobal
